
Microsoft Visual Studio Solution File, Format Version 12.00
# Visual Studio 2015
Project("{FAE04EC0-301F-11D3-BF4B-00C04F79EFBC}") = "83班Wic.CSharp", "83班Wic.CSharp.csproj", "{C91BEEF2-2C3D-C390-DF44-50346E146164}"
EndProject
Project("{FAE04EC0-301F-11D3-BF4B-00C04F79EFBC}") = "83班Wic.CSharp.Plugins", "83班Wic.CSharp.Plugins.csproj", "{FB7FE110-991F-3C75-C97E-D7FC9C1E8D67}"
EndProject
Project("{FAE04EC0-301F-11D3-BF4B-00C04F79EFBC}") = "83班Wic.CSharp.Editor", "83班Wic.CSharp.Editor.csproj", "{9BB07B48-E2E1-E91B-0F18-C0CA08D24DCC}"
EndProject
Global
	GlobalSection(SolutionConfigurationPlatforms) = preSolution
		Debug|Any CPU = Debug|Any CPU
		Release|Any CPU = Release|Any CPU
	EndGlobalSection
	GlobalSection(ProjectConfigurationPlatforms) = postSolution
		{C91BEEF2-2C3D-C390-DF44-50346E146164}.Debug|Any CPU.ActiveCfg = Debug|Any CPU
		{C91BEEF2-2C3D-C390-DF44-50346E146164}.Debug|Any CPU.Build.0 = Debug|Any CPU
		{C91BEEF2-2C3D-C390-DF44-50346E146164}.Release|Any CPU.ActiveCfg = Release|Any CPU
		{C91BEEF2-2C3D-C390-DF44-50346E146164}.Release|Any CPU.Build.0 = Release|Any CPU
		{FB7FE110-991F-3C75-C97E-D7FC9C1E8D67}.Debug|Any CPU.ActiveCfg = Debug|Any CPU
		{FB7FE110-991F-3C75-C97E-D7FC9C1E8D67}.Debug|Any CPU.Build.0 = Debug|Any CPU
		{FB7FE110-991F-3C75-C97E-D7FC9C1E8D67}.Release|Any CPU.ActiveCfg = Release|Any CPU
		{FB7FE110-991F-3C75-C97E-D7FC9C1E8D67}.Release|Any CPU.Build.0 = Release|Any CPU
		{9BB07B48-E2E1-E91B-0F18-C0CA08D24DCC}.Debug|Any CPU.ActiveCfg = Debug|Any CPU
		{9BB07B48-E2E1-E91B-0F18-C0CA08D24DCC}.Debug|Any CPU.Build.0 = Debug|Any CPU
		{9BB07B48-E2E1-E91B-0F18-C0CA08D24DCC}.Release|Any CPU.ActiveCfg = Release|Any CPU
		{9BB07B48-E2E1-E91B-0F18-C0CA08D24DCC}.Release|Any CPU.Build.0 = Release|Any CPU
	EndGlobalSection
	GlobalSection(SolutionProperties) = preSolution
		HideSolutionNode = FALSE
	EndGlobalSection
EndGlobal
