
Microsoft Visual Studio Solution File, Format Version 12.00
# Visual Studio 2015
Project("{FAE04EC0-301F-11D3-BF4B-00C04F79EFBC}") = "83班チーム制作.CSharp", "83班チーム制作.CSharp.csproj", "{0E946110-39B2-7B8B-2D85-CB150335F53E}"
EndProject
Project("{FAE04EC0-301F-11D3-BF4B-00C04F79EFBC}") = "83班チーム制作.CSharp.Plugins", "83班チーム制作.CSharp.Plugins.csproj", "{4877C0B2-1698-2DBE-714A-AD85CB97370E}"
EndProject
Project("{FAE04EC0-301F-11D3-BF4B-00C04F79EFBC}") = "83班チーム制作.CSharp.Editor", "83班チーム制作.CSharp.Editor.csproj", "{3DE9EF2E-6F79-D205-102E-C42149B5A024}"
EndProject
Global
	GlobalSection(SolutionConfigurationPlatforms) = preSolution
		Debug|Any CPU = Debug|Any CPU
		Release|Any CPU = Release|Any CPU
	EndGlobalSection
	GlobalSection(ProjectConfigurationPlatforms) = postSolution
		{0E946110-39B2-7B8B-2D85-CB150335F53E}.Debug|Any CPU.ActiveCfg = Debug|Any CPU
		{0E946110-39B2-7B8B-2D85-CB150335F53E}.Debug|Any CPU.Build.0 = Debug|Any CPU
		{0E946110-39B2-7B8B-2D85-CB150335F53E}.Release|Any CPU.ActiveCfg = Release|Any CPU
		{0E946110-39B2-7B8B-2D85-CB150335F53E}.Release|Any CPU.Build.0 = Release|Any CPU
		{4877C0B2-1698-2DBE-714A-AD85CB97370E}.Debug|Any CPU.ActiveCfg = Debug|Any CPU
		{4877C0B2-1698-2DBE-714A-AD85CB97370E}.Debug|Any CPU.Build.0 = Debug|Any CPU
		{4877C0B2-1698-2DBE-714A-AD85CB97370E}.Release|Any CPU.ActiveCfg = Release|Any CPU
		{4877C0B2-1698-2DBE-714A-AD85CB97370E}.Release|Any CPU.Build.0 = Release|Any CPU
		{3DE9EF2E-6F79-D205-102E-C42149B5A024}.Debug|Any CPU.ActiveCfg = Debug|Any CPU
		{3DE9EF2E-6F79-D205-102E-C42149B5A024}.Debug|Any CPU.Build.0 = Debug|Any CPU
		{3DE9EF2E-6F79-D205-102E-C42149B5A024}.Release|Any CPU.ActiveCfg = Release|Any CPU
		{3DE9EF2E-6F79-D205-102E-C42149B5A024}.Release|Any CPU.Build.0 = Release|Any CPU
	EndGlobalSection
	GlobalSection(SolutionProperties) = preSolution
		HideSolutionNode = FALSE
	EndGlobalSection
EndGlobal
