
Microsoft Visual Studio Solution File, Format Version 12.00
# Visual Studio 2015
Project("{FAE04EC0-301F-11D3-BF4B-00C04F79EFBC}") = "Wic1128.CSharp", "Wic1128.CSharp.csproj", "{AD0DFD78-5BED-5AEB-0304-2C2521ADA621}"
EndProject
Project("{FAE04EC0-301F-11D3-BF4B-00C04F79EFBC}") = "Wic1128.CSharp.Plugins", "Wic1128.CSharp.Plugins.csproj", "{527CF3B8-3B9F-B47F-45E0-7CA3505A84D7}"
EndProject
Project("{FAE04EC0-301F-11D3-BF4B-00C04F79EFBC}") = "Wic1128.CSharp.Editor", "Wic1128.CSharp.Editor.csproj", "{5134D07C-9CF4-9057-6322-7D8C6B7BAB74}"
EndProject
Global
	GlobalSection(SolutionConfigurationPlatforms) = preSolution
		Debug|Any CPU = Debug|Any CPU
		Release|Any CPU = Release|Any CPU
	EndGlobalSection
	GlobalSection(ProjectConfigurationPlatforms) = postSolution
		{AD0DFD78-5BED-5AEB-0304-2C2521ADA621}.Debug|Any CPU.ActiveCfg = Debug|Any CPU
		{AD0DFD78-5BED-5AEB-0304-2C2521ADA621}.Debug|Any CPU.Build.0 = Debug|Any CPU
		{AD0DFD78-5BED-5AEB-0304-2C2521ADA621}.Release|Any CPU.ActiveCfg = Release|Any CPU
		{AD0DFD78-5BED-5AEB-0304-2C2521ADA621}.Release|Any CPU.Build.0 = Release|Any CPU
		{527CF3B8-3B9F-B47F-45E0-7CA3505A84D7}.Debug|Any CPU.ActiveCfg = Debug|Any CPU
		{527CF3B8-3B9F-B47F-45E0-7CA3505A84D7}.Debug|Any CPU.Build.0 = Debug|Any CPU
		{527CF3B8-3B9F-B47F-45E0-7CA3505A84D7}.Release|Any CPU.ActiveCfg = Release|Any CPU
		{527CF3B8-3B9F-B47F-45E0-7CA3505A84D7}.Release|Any CPU.Build.0 = Release|Any CPU
		{5134D07C-9CF4-9057-6322-7D8C6B7BAB74}.Debug|Any CPU.ActiveCfg = Debug|Any CPU
		{5134D07C-9CF4-9057-6322-7D8C6B7BAB74}.Debug|Any CPU.Build.0 = Debug|Any CPU
		{5134D07C-9CF4-9057-6322-7D8C6B7BAB74}.Release|Any CPU.ActiveCfg = Release|Any CPU
		{5134D07C-9CF4-9057-6322-7D8C6B7BAB74}.Release|Any CPU.Build.0 = Release|Any CPU
	EndGlobalSection
	GlobalSection(SolutionProperties) = preSolution
		HideSolutionNode = FALSE
	EndGlobalSection
EndGlobal
