
Microsoft Visual Studio Solution File, Format Version 12.00
# Visual Studio 2015
Project("{FAE04EC0-301F-11D3-BF4B-00C04F79EFBC}") = "Wickerman.CSharp", "Wickerman.CSharp.csproj", "{CE034093-5487-6946-5B81-273AE6780222}"
EndProject
Project("{FAE04EC0-301F-11D3-BF4B-00C04F79EFBC}") = "Wickerman.CSharp.Plugins", "Wickerman.CSharp.Plugins.csproj", "{639213EE-E931-0C52-11BA-7E36BB6559FB}"
EndProject
Project("{FAE04EC0-301F-11D3-BF4B-00C04F79EFBC}") = "Wickerman.CSharp.Editor", "Wickerman.CSharp.Editor.csproj", "{38B03680-02FE-421F-5498-6EC435551305}"
EndProject
Global
	GlobalSection(SolutionConfigurationPlatforms) = preSolution
		Debug|Any CPU = Debug|Any CPU
		Release|Any CPU = Release|Any CPU
	EndGlobalSection
	GlobalSection(ProjectConfigurationPlatforms) = postSolution
		{CE034093-5487-6946-5B81-273AE6780222}.Debug|Any CPU.ActiveCfg = Debug|Any CPU
		{CE034093-5487-6946-5B81-273AE6780222}.Debug|Any CPU.Build.0 = Debug|Any CPU
		{CE034093-5487-6946-5B81-273AE6780222}.Release|Any CPU.ActiveCfg = Release|Any CPU
		{CE034093-5487-6946-5B81-273AE6780222}.Release|Any CPU.Build.0 = Release|Any CPU
		{639213EE-E931-0C52-11BA-7E36BB6559FB}.Debug|Any CPU.ActiveCfg = Debug|Any CPU
		{639213EE-E931-0C52-11BA-7E36BB6559FB}.Debug|Any CPU.Build.0 = Debug|Any CPU
		{639213EE-E931-0C52-11BA-7E36BB6559FB}.Release|Any CPU.ActiveCfg = Release|Any CPU
		{639213EE-E931-0C52-11BA-7E36BB6559FB}.Release|Any CPU.Build.0 = Release|Any CPU
		{38B03680-02FE-421F-5498-6EC435551305}.Debug|Any CPU.ActiveCfg = Debug|Any CPU
		{38B03680-02FE-421F-5498-6EC435551305}.Debug|Any CPU.Build.0 = Debug|Any CPU
		{38B03680-02FE-421F-5498-6EC435551305}.Release|Any CPU.ActiveCfg = Release|Any CPU
		{38B03680-02FE-421F-5498-6EC435551305}.Release|Any CPU.Build.0 = Release|Any CPU
	EndGlobalSection
	GlobalSection(SolutionProperties) = preSolution
		HideSolutionNode = FALSE
	EndGlobalSection
EndGlobal
